// !$*UTF8*$!
{
	archiveVersion = 1;
	classes = {
	};
	objectVersion = 48;
	objects = {

/* Begin PBXBuildFile section */
		4E01552E20DE2020004039AA /* any.cc in Sources */ = {isa = PBXBuildFile; fileRef = 4E01545A20DE2020004039AA /* any.cc */; };
		4E01552F20DE2020004039AA /* any.pb.cc in Sources */ = {isa = PBXBuildFile; fileRef = 4E01545C20DE2020004039AA /* any.pb.cc */; };
		4E01553020DE2020004039AA /* api.pb.cc in Sources */ = {isa = PBXBuildFile; fileRef = 4E01545E20DE2020004039AA /* api.pb.cc */; };
		4E01553120DE2020004039AA /* arena.cc in Sources */ = {isa = PBXBuildFile; fileRef = 4E01546020DE2020004039AA /* arena.cc */; };
		4E01553220DE2020004039AA /* arenastring.cc in Sources */ = {isa = PBXBuildFile; fileRef = 4E01546320DE2020004039AA /* arenastring.cc */; };
		4E01553320DE2020004039AA /* importer.cc in Sources */ = {isa = PBXBuildFile; fileRef = 4E01546620DE2020004039AA /* importer.cc */; };
		4E01553420DE2020004039AA /* parser.cc in Sources */ = {isa = PBXBuildFile; fileRef = 4E01546820DE2020004039AA /* parser.cc */; };
		4E01553520DE2020004039AA /* descriptor.cc in Sources */ = {isa = PBXBuildFile; fileRef = 4E01546A20DE2020004039AA /* descriptor.cc */; };
		4E01553620DE2020004039AA /* descriptor.pb.cc in Sources */ = {isa = PBXBuildFile; fileRef = 4E01546C20DE2020004039AA /* descriptor.pb.cc */; };
		4E01553720DE2020004039AA /* descriptor_database.cc in Sources */ = {isa = PBXBuildFile; fileRef = 4E01546E20DE2020004039AA /* descriptor_database.cc */; };
		4E01553820DE2020004039AA /* duration.pb.cc in Sources */ = {isa = PBXBuildFile; fileRef = 4E01547020DE2020004039AA /* duration.pb.cc */; };
		4E01553920DE2020004039AA /* dynamic_message.cc in Sources */ = {isa = PBXBuildFile; fileRef = 4E01547220DE2020004039AA /* dynamic_message.cc */; };
		4E01553A20DE2020004039AA /* empty.pb.cc in Sources */ = {isa = PBXBuildFile; fileRef = 4E01547420DE2020004039AA /* empty.pb.cc */; };
		4E01553B20DE2020004039AA /* extension_set.cc in Sources */ = {isa = PBXBuildFile; fileRef = 4E01547620DE2020004039AA /* extension_set.cc */; };
		4E01553C20DE2020004039AA /* extension_set_heavy.cc in Sources */ = {isa = PBXBuildFile; fileRef = 4E01547820DE2020004039AA /* extension_set_heavy.cc */; };
		4E01553D20DE2020004039AA /* field_mask.pb.cc in Sources */ = {isa = PBXBuildFile; fileRef = 4E01547920DE2020004039AA /* field_mask.pb.cc */; };
		4E01553E20DE2020004039AA /* generated_message_reflection.cc in Sources */ = {isa = PBXBuildFile; fileRef = 4E01547D20DE2020004039AA /* generated_message_reflection.cc */; };
		4E01553F20DE2020004039AA /* generated_message_table_driven.cc in Sources */ = {isa = PBXBuildFile; fileRef = 4E01547F20DE2020004039AA /* generated_message_table_driven.cc */; };
		4E01554020DE2020004039AA /* generated_message_table_driven_lite.cc in Sources */ = {isa = PBXBuildFile; fileRef = 4E01548120DE2020004039AA /* generated_message_table_driven_lite.cc */; };
		4E01554120DE2020004039AA /* generated_message_util.cc in Sources */ = {isa = PBXBuildFile; fileRef = 4E01548320DE2020004039AA /* generated_message_util.cc */; };
		4E01554220DE2020004039AA /* coded_stream.cc in Sources */ = {isa = PBXBuildFile; fileRef = 4E01548720DE2020004039AA /* coded_stream.cc */; };
		4E01554320DE2020004039AA /* gzip_stream.cc in Sources */ = {isa = PBXBuildFile; fileRef = 4E01548A20DE2020004039AA /* gzip_stream.cc */; };
		4E01554420DE2020004039AA /* printer.cc in Sources */ = {isa = PBXBuildFile; fileRef = 4E01548C20DE2020004039AA /* printer.cc */; };
		4E01554520DE2020004039AA /* strtod.cc in Sources */ = {isa = PBXBuildFile; fileRef = 4E01548E20DE2020004039AA /* strtod.cc */; };
		4E01554620DE2020004039AA /* tokenizer.cc in Sources */ = {isa = PBXBuildFile; fileRef = 4E01549020DE2020004039AA /* tokenizer.cc */; };
		4E01554720DE2020004039AA /* zero_copy_stream.cc in Sources */ = {isa = PBXBuildFile; fileRef = 4E01549220DE2020004039AA /* zero_copy_stream.cc */; };
		4E01554820DE2020004039AA /* zero_copy_stream_impl.cc in Sources */ = {isa = PBXBuildFile; fileRef = 4E01549420DE2020004039AA /* zero_copy_stream_impl.cc */; };
		4E01554920DE2020004039AA /* zero_copy_stream_impl_lite.cc in Sources */ = {isa = PBXBuildFile; fileRef = 4E01549620DE2020004039AA /* zero_copy_stream_impl_lite.cc */; };
		4E01554A20DE2020004039AA /* map_field.cc in Sources */ = {isa = PBXBuildFile; fileRef = 4E01549B20DE2020004039AA /* map_field.cc */; };
		4E01554B20DE2020004039AA /* message.cc in Sources */ = {isa = PBXBuildFile; fileRef = 4E0154A020DE2020004039AA /* message.cc */; };
		4E01554C20DE2020004039AA /* message_lite.cc in Sources */ = {isa = PBXBuildFile; fileRef = 4E0154A220DE2020004039AA /* message_lite.cc */; };
		4E01554D20DE2020004039AA /* reflection_ops.cc in Sources */ = {isa = PBXBuildFile; fileRef = 4E0154A820DE2020004039AA /* reflection_ops.cc */; };
		4E01554E20DE2020004039AA /* repeated_field.cc in Sources */ = {isa = PBXBuildFile; fileRef = 4E0154AA20DE2020004039AA /* repeated_field.cc */; };
		4E01554F20DE2020004039AA /* service.cc in Sources */ = {isa = PBXBuildFile; fileRef = 4E0154AC20DE2020004039AA /* service.cc */; };
		4E01555020DE2020004039AA /* source_context.pb.cc in Sources */ = {isa = PBXBuildFile; fileRef = 4E0154AE20DE2020004039AA /* source_context.pb.cc */; };
		4E01555120DE2020004039AA /* struct.pb.cc in Sources */ = {isa = PBXBuildFile; fileRef = 4E0154B020DE2020004039AA /* struct.pb.cc */; };
		4E01555220DE2020004039AA /* atomicops_internals_x86_gcc.cc in Sources */ = {isa = PBXBuildFile; fileRef = 4E0154B520DE2020004039AA /* atomicops_internals_x86_gcc.cc */; };
		4E01555320DE2020004039AA /* atomicops_internals_x86_msvc.cc in Sources */ = {isa = PBXBuildFile; fileRef = 4E0154B720DE2020004039AA /* atomicops_internals_x86_msvc.cc */; };
		4E01555420DE2020004039AA /* bytestream.cc in Sources */ = {isa = PBXBuildFile; fileRef = 4E0154B920DE2020004039AA /* bytestream.cc */; };
		4E01555520DE2020004039AA /* common.cc in Sources */ = {isa = PBXBuildFile; fileRef = 4E0154BD20DE2020004039AA /* common.cc */; };
		4E01555620DE2020004039AA /* int128.cc in Sources */ = {isa = PBXBuildFile; fileRef = 4E0154C120DE2020004039AA /* int128.cc */; };
		4E01555720DE2020004039AA /* io_win32.cc in Sources */ = {isa = PBXBuildFile; fileRef = 4E0154C320DE2020004039AA /* io_win32.cc */; };
		4E01555820DE2020004039AA /* mathlimits.cc in Sources */ = {isa = PBXBuildFile; fileRef = 4E0154C820DE2020004039AA /* mathlimits.cc */; };
		4E01555920DE2020004039AA /* once.cc in Sources */ = {isa = PBXBuildFile; fileRef = 4E0154CC20DE2020004039AA /* once.cc */; };
		4E01555A20DE2020004039AA /* status.cc in Sources */ = {isa = PBXBuildFile; fileRef = 4E0154D320DE2020004039AA /* status.cc */; };
		4E01555B20DE2020004039AA /* statusor.cc in Sources */ = {isa = PBXBuildFile; fileRef = 4E0154D620DE2020004039AA /* statusor.cc */; };
		4E01555C20DE2020004039AA /* stringpiece.cc in Sources */ = {isa = PBXBuildFile; fileRef = 4E0154D920DE2020004039AA /* stringpiece.cc */; };
		4E01555D20DE2020004039AA /* stringprintf.cc in Sources */ = {isa = PBXBuildFile; fileRef = 4E0154DB20DE2020004039AA /* stringprintf.cc */; };
		4E01555E20DE2020004039AA /* structurally_valid.cc in Sources */ = {isa = PBXBuildFile; fileRef = 4E0154DD20DE2020004039AA /* structurally_valid.cc */; };
		4E01555F20DE2020004039AA /* strutil.cc in Sources */ = {isa = PBXBuildFile; fileRef = 4E0154DE20DE2020004039AA /* strutil.cc */; };
		4E01556020DE2020004039AA /* substitute.cc in Sources */ = {isa = PBXBuildFile; fileRef = 4E0154E020DE2020004039AA /* substitute.cc */; };
		4E01556120DE2020004039AA /* time.cc in Sources */ = {isa = PBXBuildFile; fileRef = 4E0154E320DE2020004039AA /* time.cc */; };
		4E01556220DE2020004039AA /* text_format.cc in Sources */ = {isa = PBXBuildFile; fileRef = 4E0154E820DE2020004039AA /* text_format.cc */; };
		4E01556320DE2020004039AA /* timestamp.pb.cc in Sources */ = {isa = PBXBuildFile; fileRef = 4E0154EA20DE2020004039AA /* timestamp.pb.cc */; };
		4E01556420DE2020004039AA /* type.pb.cc in Sources */ = {isa = PBXBuildFile; fileRef = 4E0154EC20DE2020004039AA /* type.pb.cc */; };
		4E01556520DE2020004039AA /* unknown_field_set.cc in Sources */ = {isa = PBXBuildFile; fileRef = 4E0154EE20DE2020004039AA /* unknown_field_set.cc */; };
		4E01556620DE2020004039AA /* delimited_message_util.cc in Sources */ = {isa = PBXBuildFile; fileRef = 4E0154F120DE2020004039AA /* delimited_message_util.cc */; };
		4E01556720DE2020004039AA /* field_comparator.cc in Sources */ = {isa = PBXBuildFile; fileRef = 4E0154F320DE2020004039AA /* field_comparator.cc */; };
		4E01556820DE2020004039AA /* field_mask_util.cc in Sources */ = {isa = PBXBuildFile; fileRef = 4E0154F520DE2020004039AA /* field_mask_util.cc */; };
		4E01556920DE2020004039AA /* datapiece.cc in Sources */ = {isa = PBXBuildFile; fileRef = 4E0154F920DE2020004039AA /* datapiece.cc */; };
		4E01556A20DE2020004039AA /* default_value_objectwriter.cc in Sources */ = {isa = PBXBuildFile; fileRef = 4E0154FB20DE2020004039AA /* default_value_objectwriter.cc */; };
		4E01556B20DE2020004039AA /* error_listener.cc in Sources */ = {isa = PBXBuildFile; fileRef = 4E0154FD20DE2020004039AA /* error_listener.cc */; };
		4E01556C20DE2020004039AA /* field_mask_utility.cc in Sources */ = {isa = PBXBuildFile; fileRef = 4E0154FF20DE2020004039AA /* field_mask_utility.cc */; };
		4E01556D20DE2020004039AA /* json_escaping.cc in Sources */ = {isa = PBXBuildFile; fileRef = 4E01550120DE2020004039AA /* json_escaping.cc */; };
		4E01556E20DE2020004039AA /* json_objectwriter.cc in Sources */ = {isa = PBXBuildFile; fileRef = 4E01550320DE2020004039AA /* json_objectwriter.cc */; };
		4E01556F20DE2020004039AA /* json_stream_parser.cc in Sources */ = {isa = PBXBuildFile; fileRef = 4E01550520DE2020004039AA /* json_stream_parser.cc */; };
		4E01557020DE2020004039AA /* object_writer.cc in Sources */ = {isa = PBXBuildFile; fileRef = 4E01550A20DE2020004039AA /* object_writer.cc */; };
		4E01557120DE2020004039AA /* proto_writer.cc in Sources */ = {isa = PBXBuildFile; fileRef = 4E01550C20DE2020004039AA /* proto_writer.cc */; };
		4E01557220DE2020004039AA /* protostream_objectsource.cc in Sources */ = {isa = PBXBuildFile; fileRef = 4E01550E20DE2020004039AA /* protostream_objectsource.cc */; };
		4E01557320DE2020004039AA /* protostream_objectwriter.cc in Sources */ = {isa = PBXBuildFile; fileRef = 4E01551020DE2020004039AA /* protostream_objectwriter.cc */; };
		4E01557420DE2020004039AA /* type_info.cc in Sources */ = {isa = PBXBuildFile; fileRef = 4E01551320DE2020004039AA /* type_info.cc */; };
		4E01557520DE2020004039AA /* type_info_test_helper.cc in Sources */ = {isa = PBXBuildFile; fileRef = 4E01551520DE2020004039AA /* type_info_test_helper.cc */; };
		4E01557620DE2020004039AA /* utility.cc in Sources */ = {isa = PBXBuildFile; fileRef = 4E01551720DE2020004039AA /* utility.cc */; };
		4E01557720DE2020004039AA /* json_util.cc in Sources */ = {isa = PBXBuildFile; fileRef = 4E01551920DE2020004039AA /* json_util.cc */; };
		4E01557820DE2020004039AA /* message_differencer.cc in Sources */ = {isa = PBXBuildFile; fileRef = 4E01551B20DE2020004039AA /* message_differencer.cc */; };
		4E01557920DE2020004039AA /* time_util.cc in Sources */ = {isa = PBXBuildFile; fileRef = 4E01551D20DE2020004039AA /* time_util.cc */; };
		4E01557A20DE2020004039AA /* type_resolver_util.cc in Sources */ = {isa = PBXBuildFile; fileRef = 4E01552020DE2020004039AA /* type_resolver_util.cc */; };
		4E01557B20DE2020004039AA /* wire_format.cc in Sources */ = {isa = PBXBuildFile; fileRef = 4E01552220DE2020004039AA /* wire_format.cc */; };
		4E01557C20DE2020004039AA /* wire_format_lite.cc in Sources */ = {isa = PBXBuildFile; fileRef = 4E01552420DE2020004039AA /* wire_format_lite.cc */; };
		4E01557D20DE2020004039AA /* wrappers.pb.cc in Sources */ = {isa = PBXBuildFile; fileRef = 4E01552720DE2020004039AA /* wrappers.pb.cc */; };
		4E01557E20DE2020004039AA /* game.pb.cc in Sources */ = {isa = PBXBuildFile; fileRef = 4E01552A20DE2020004039AA /* game.pb.cc */; };
		4E01557F20DE2020004039AA /* XCommon.cpp in Sources */ = {isa = PBXBuildFile; fileRef = 4E01552C20DE2020004039AA /* XCommon.cpp */; };
/* End PBXBuildFile section */

/* Begin PBXCopyFilesBuildPhase section */
		4E01537420DE1EF5004039AA /* CopyFiles */ = {
			isa = PBXCopyFilesBuildPhase;
			buildActionMask = 2147483647;
			dstPath = "include/$(PRODUCT_NAME)";
			dstSubfolderSpec = 16;
			files = (
			);
			runOnlyForDeploymentPostprocessing = 0;
		};
/* End PBXCopyFilesBuildPhase section */

/* Begin PBXFileReference section */
		4E01537620DE1EF5004039AA /* libptotobuf-lib.a */ = {isa = PBXFileReference; explicitFileType = archive.ar; includeInIndex = 0; path = "libptotobuf-lib.a"; sourceTree = BUILT_PRODUCTS_DIR; };
		4E01545A20DE2020004039AA /* any.cc */ = {isa = PBXFileReference; fileEncoding = 4; lastKnownFileType = sourcecode.cpp.cpp; path = any.cc; sourceTree = "<group>"; };
		4E01545B20DE2020004039AA /* any.h */ = {isa = PBXFileReference; fileEncoding = 4; lastKnownFileType = sourcecode.c.h; path = any.h; sourceTree = "<group>"; };
		4E01545C20DE2020004039AA /* any.pb.cc */ = {isa = PBXFileReference; fileEncoding = 4; lastKnownFileType = sourcecode.cpp.cpp; path = any.pb.cc; sourceTree = "<group>"; };
		4E01545D20DE2020004039AA /* any.pb.h */ = {isa = PBXFileReference; fileEncoding = 4; lastKnownFileType = sourcecode.c.h; path = any.pb.h; sourceTree = "<group>"; };
		4E01545E20DE2020004039AA /* api.pb.cc */ = {isa = PBXFileReference; fileEncoding = 4; lastKnownFileType = sourcecode.cpp.cpp; path = api.pb.cc; sourceTree = "<group>"; };
		4E01545F20DE2020004039AA /* api.pb.h */ = {isa = PBXFileReference; fileEncoding = 4; lastKnownFileType = sourcecode.c.h; path = api.pb.h; sourceTree = "<group>"; };
		4E01546020DE2020004039AA /* arena.cc */ = {isa = PBXFileReference; fileEncoding = 4; lastKnownFileType = sourcecode.cpp.cpp; path = arena.cc; sourceTree = "<group>"; };
		4E01546120DE2020004039AA /* arena.h */ = {isa = PBXFileReference; fileEncoding = 4; lastKnownFileType = sourcecode.c.h; path = arena.h; sourceTree = "<group>"; };
		4E01546220DE2020004039AA /* arena_impl.h */ = {isa = PBXFileReference; fileEncoding = 4; lastKnownFileType = sourcecode.c.h; path = arena_impl.h; sourceTree = "<group>"; };
		4E01546320DE2020004039AA /* arenastring.cc */ = {isa = PBXFileReference; fileEncoding = 4; lastKnownFileType = sourcecode.cpp.cpp; path = arenastring.cc; sourceTree = "<group>"; };
		4E01546420DE2020004039AA /* arenastring.h */ = {isa = PBXFileReference; fileEncoding = 4; lastKnownFileType = sourcecode.c.h; path = arenastring.h; sourceTree = "<group>"; };
		4E01546620DE2020004039AA /* importer.cc */ = {isa = PBXFileReference; fileEncoding = 4; lastKnownFileType = sourcecode.cpp.cpp; path = importer.cc; sourceTree = "<group>"; };
		4E01546720DE2020004039AA /* importer.h */ = {isa = PBXFileReference; fileEncoding = 4; lastKnownFileType = sourcecode.c.h; path = importer.h; sourceTree = "<group>"; };
		4E01546820DE2020004039AA /* parser.cc */ = {isa = PBXFileReference; fileEncoding = 4; lastKnownFileType = sourcecode.cpp.cpp; path = parser.cc; sourceTree = "<group>"; };
		4E01546920DE2020004039AA /* parser.h */ = {isa = PBXFileReference; fileEncoding = 4; lastKnownFileType = sourcecode.c.h; path = parser.h; sourceTree = "<group>"; };
		4E01546A20DE2020004039AA /* descriptor.cc */ = {isa = PBXFileReference; fileEncoding = 4; lastKnownFileType = sourcecode.cpp.cpp; path = descriptor.cc; sourceTree = "<group>"; };
		4E01546B20DE2020004039AA /* descriptor.h */ = {isa = PBXFileReference; fileEncoding = 4; lastKnownFileType = sourcecode.c.h; path = descriptor.h; sourceTree = "<group>"; };
		4E01546C20DE2020004039AA /* descriptor.pb.cc */ = {isa = PBXFileReference; fileEncoding = 4; lastKnownFileType = sourcecode.cpp.cpp; path = descriptor.pb.cc; sourceTree = "<group>"; };
		4E01546D20DE2020004039AA /* descriptor.pb.h */ = {isa = PBXFileReference; fileEncoding = 4; lastKnownFileType = sourcecode.c.h; path = descriptor.pb.h; sourceTree = "<group>"; };
		4E01546E20DE2020004039AA /* descriptor_database.cc */ = {isa = PBXFileReference; fileEncoding = 4; lastKnownFileType = sourcecode.cpp.cpp; path = descriptor_database.cc; sourceTree = "<group>"; };
		4E01546F20DE2020004039AA /* descriptor_database.h */ = {isa = PBXFileReference; fileEncoding = 4; lastKnownFileType = sourcecode.c.h; path = descriptor_database.h; sourceTree = "<group>"; };
		4E01547020DE2020004039AA /* duration.pb.cc */ = {isa = PBXFileReference; fileEncoding = 4; lastKnownFileType = sourcecode.cpp.cpp; path = duration.pb.cc; sourceTree = "<group>"; };
		4E01547120DE2020004039AA /* duration.pb.h */ = {isa = PBXFileReference; fileEncoding = 4; lastKnownFileType = sourcecode.c.h; path = duration.pb.h; sourceTree = "<group>"; };
		4E01547220DE2020004039AA /* dynamic_message.cc */ = {isa = PBXFileReference; fileEncoding = 4; lastKnownFileType = sourcecode.cpp.cpp; path = dynamic_message.cc; sourceTree = "<group>"; };
		4E01547320DE2020004039AA /* dynamic_message.h */ = {isa = PBXFileReference; fileEncoding = 4; lastKnownFileType = sourcecode.c.h; path = dynamic_message.h; sourceTree = "<group>"; };
		4E01547420DE2020004039AA /* empty.pb.cc */ = {isa = PBXFileReference; fileEncoding = 4; lastKnownFileType = sourcecode.cpp.cpp; path = empty.pb.cc; sourceTree = "<group>"; };
		4E01547520DE2020004039AA /* empty.pb.h */ = {isa = PBXFileReference; fileEncoding = 4; lastKnownFileType = sourcecode.c.h; path = empty.pb.h; sourceTree = "<group>"; };
		4E01547620DE2020004039AA /* extension_set.cc */ = {isa = PBXFileReference; fileEncoding = 4; lastKnownFileType = sourcecode.cpp.cpp; path = extension_set.cc; sourceTree = "<group>"; };
		4E01547720DE2020004039AA /* extension_set.h */ = {isa = PBXFileReference; fileEncoding = 4; lastKnownFileType = sourcecode.c.h; path = extension_set.h; sourceTree = "<group>"; };
		4E01547820DE2020004039AA /* extension_set_heavy.cc */ = {isa = PBXFileReference; fileEncoding = 4; lastKnownFileType = sourcecode.cpp.cpp; path = extension_set_heavy.cc; sourceTree = "<group>"; };
		4E01547920DE2020004039AA /* field_mask.pb.cc */ = {isa = PBXFileReference; fileEncoding = 4; lastKnownFileType = sourcecode.cpp.cpp; path = field_mask.pb.cc; sourceTree = "<group>"; };
		4E01547A20DE2020004039AA /* field_mask.pb.h */ = {isa = PBXFileReference; fileEncoding = 4; lastKnownFileType = sourcecode.c.h; path = field_mask.pb.h; sourceTree = "<group>"; };
		4E01547B20DE2020004039AA /* generated_enum_reflection.h */ = {isa = PBXFileReference; fileEncoding = 4; lastKnownFileType = sourcecode.c.h; path = generated_enum_reflection.h; sourceTree = "<group>"; };
		4E01547C20DE2020004039AA /* generated_enum_util.h */ = {isa = PBXFileReference; fileEncoding = 4; lastKnownFileType = sourcecode.c.h; path = generated_enum_util.h; sourceTree = "<group>"; };
		4E01547D20DE2020004039AA /* generated_message_reflection.cc */ = {isa = PBXFileReference; fileEncoding = 4; lastKnownFileType = sourcecode.cpp.cpp; path = generated_message_reflection.cc; sourceTree = "<group>"; };
		4E01547E20DE2020004039AA /* generated_message_reflection.h */ = {isa = PBXFileReference; fileEncoding = 4; lastKnownFileType = sourcecode.c.h; path = generated_message_reflection.h; sourceTree = "<group>"; };
		4E01547F20DE2020004039AA /* generated_message_table_driven.cc */ = {isa = PBXFileReference; fileEncoding = 4; lastKnownFileType = sourcecode.cpp.cpp; path = generated_message_table_driven.cc; sourceTree = "<group>"; };
		4E01548020DE2020004039AA /* generated_message_table_driven.h */ = {isa = PBXFileReference; fileEncoding = 4; lastKnownFileType = sourcecode.c.h; path = generated_message_table_driven.h; sourceTree = "<group>"; };
		4E01548120DE2020004039AA /* generated_message_table_driven_lite.cc */ = {isa = PBXFileReference; fileEncoding = 4; lastKnownFileType = sourcecode.cpp.cpp; path = generated_message_table_driven_lite.cc; sourceTree = "<group>"; };
		4E01548220DE2020004039AA /* generated_message_table_driven_lite.h */ = {isa = PBXFileReference; fileEncoding = 4; lastKnownFileType = sourcecode.c.h; path = generated_message_table_driven_lite.h; sourceTree = "<group>"; };
		4E01548320DE2020004039AA /* generated_message_util.cc */ = {isa = PBXFileReference; fileEncoding = 4; lastKnownFileType = sourcecode.cpp.cpp; path = generated_message_util.cc; sourceTree = "<group>"; };
		4E01548420DE2020004039AA /* generated_message_util.h */ = {isa = PBXFileReference; fileEncoding = 4; lastKnownFileType = sourcecode.c.h; path = generated_message_util.h; sourceTree = "<group>"; };
		4E01548520DE2020004039AA /* has_bits.h */ = {isa = PBXFileReference; fileEncoding = 4; lastKnownFileType = sourcecode.c.h; path = has_bits.h; sourceTree = "<group>"; };
		4E01548720DE2020004039AA /* coded_stream.cc */ = {isa = PBXFileReference; fileEncoding = 4; lastKnownFileType = sourcecode.cpp.cpp; path = coded_stream.cc; sourceTree = "<group>"; };
		4E01548820DE2020004039AA /* coded_stream.h */ = {isa = PBXFileReference; fileEncoding = 4; lastKnownFileType = sourcecode.c.h; path = coded_stream.h; sourceTree = "<group>"; };
		4E01548920DE2020004039AA /* coded_stream_inl.h */ = {isa = PBXFileReference; fileEncoding = 4; lastKnownFileType = sourcecode.c.h; path = coded_stream_inl.h; sourceTree = "<group>"; };
		4E01548A20DE2020004039AA /* gzip_stream.cc */ = {isa = PBXFileReference; fileEncoding = 4; lastKnownFileType = sourcecode.cpp.cpp; path = gzip_stream.cc; sourceTree = "<group>"; };
		4E01548B20DE2020004039AA /* gzip_stream.h */ = {isa = PBXFileReference; fileEncoding = 4; lastKnownFileType = sourcecode.c.h; path = gzip_stream.h; sourceTree = "<group>"; };
		4E01548C20DE2020004039AA /* printer.cc */ = {isa = PBXFileReference; fileEncoding = 4; lastKnownFileType = sourcecode.cpp.cpp; path = printer.cc; sourceTree = "<group>"; };
		4E01548D20DE2020004039AA /* printer.h */ = {isa = PBXFileReference; fileEncoding = 4; lastKnownFileType = sourcecode.c.h; path = printer.h; sourceTree = "<group>"; };
		4E01548E20DE2020004039AA /* strtod.cc */ = {isa = PBXFileReference; fileEncoding = 4; lastKnownFileType = sourcecode.cpp.cpp; path = strtod.cc; sourceTree = "<group>"; };
		4E01548F20DE2020004039AA /* strtod.h */ = {isa = PBXFileReference; fileEncoding = 4; lastKnownFileType = sourcecode.c.h; path = strtod.h; sourceTree = "<group>"; };
		4E01549020DE2020004039AA /* tokenizer.cc */ = {isa = PBXFileReference; fileEncoding = 4; lastKnownFileType = sourcecode.cpp.cpp; path = tokenizer.cc; sourceTree = "<group>"; };
		4E01549120DE2020004039AA /* tokenizer.h */ = {isa = PBXFileReference; fileEncoding = 4; lastKnownFileType = sourcecode.c.h; path = tokenizer.h; sourceTree = "<group>"; };
		4E01549220DE2020004039AA /* zero_copy_stream.cc */ = {isa = PBXFileReference; fileEncoding = 4; lastKnownFileType = sourcecode.cpp.cpp; path = zero_copy_stream.cc; sourceTree = "<group>"; };
		4E01549320DE2020004039AA /* zero_copy_stream.h */ = {isa = PBXFileReference; fileEncoding = 4; lastKnownFileType = sourcecode.c.h; path = zero_copy_stream.h; sourceTree = "<group>"; };
		4E01549420DE2020004039AA /* zero_copy_stream_impl.cc */ = {isa = PBXFileReference; fileEncoding = 4; lastKnownFileType = sourcecode.cpp.cpp; path = zero_copy_stream_impl.cc; sourceTree = "<group>"; };
		4E01549520DE2020004039AA /* zero_copy_stream_impl.h */ = {isa = PBXFileReference; fileEncoding = 4; lastKnownFileType = sourcecode.c.h; path = zero_copy_stream_impl.h; sourceTree = "<group>"; };
		4E01549620DE2020004039AA /* zero_copy_stream_impl_lite.cc */ = {isa = PBXFileReference; fileEncoding = 4; lastKnownFileType = sourcecode.cpp.cpp; path = zero_copy_stream_impl_lite.cc; sourceTree = "<group>"; };
		4E01549720DE2020004039AA /* zero_copy_stream_impl_lite.h */ = {isa = PBXFileReference; fileEncoding = 4; lastKnownFileType = sourcecode.c.h; path = zero_copy_stream_impl_lite.h; sourceTree = "<group>"; };
		4E01549820DE2020004039AA /* map.h */ = {isa = PBXFileReference; fileEncoding = 4; lastKnownFileType = sourcecode.c.h; path = map.h; sourceTree = "<group>"; };
		4E01549920DE2020004039AA /* map_entry.h */ = {isa = PBXFileReference; fileEncoding = 4; lastKnownFileType = sourcecode.c.h; path = map_entry.h; sourceTree = "<group>"; };
		4E01549A20DE2020004039AA /* map_entry_lite.h */ = {isa = PBXFileReference; fileEncoding = 4; lastKnownFileType = sourcecode.c.h; path = map_entry_lite.h; sourceTree = "<group>"; };
		4E01549B20DE2020004039AA /* map_field.cc */ = {isa = PBXFileReference; fileEncoding = 4; lastKnownFileType = sourcecode.cpp.cpp; path = map_field.cc; sourceTree = "<group>"; };
		4E01549C20DE2020004039AA /* map_field.h */ = {isa = PBXFileReference; fileEncoding = 4; lastKnownFileType = sourcecode.c.h; path = map_field.h; sourceTree = "<group>"; };
		4E01549D20DE2020004039AA /* map_field_inl.h */ = {isa = PBXFileReference; fileEncoding = 4; lastKnownFileType = sourcecode.c.h; path = map_field_inl.h; sourceTree = "<group>"; };
		4E01549E20DE2020004039AA /* map_field_lite.h */ = {isa = PBXFileReference; fileEncoding = 4; lastKnownFileType = sourcecode.c.h; path = map_field_lite.h; sourceTree = "<group>"; };
		4E01549F20DE2020004039AA /* map_type_handler.h */ = {isa = PBXFileReference; fileEncoding = 4; lastKnownFileType = sourcecode.c.h; path = map_type_handler.h; sourceTree = "<group>"; };
		4E0154A020DE2020004039AA /* message.cc */ = {isa = PBXFileReference; fileEncoding = 4; lastKnownFileType = sourcecode.cpp.cpp; path = message.cc; sourceTree = "<group>"; };
		4E0154A120DE2020004039AA /* message.h */ = {isa = PBXFileReference; fileEncoding = 4; lastKnownFileType = sourcecode.c.h; path = message.h; sourceTree = "<group>"; };
		4E0154A220DE2020004039AA /* message_lite.cc */ = {isa = PBXFileReference; fileEncoding = 4; lastKnownFileType = sourcecode.cpp.cpp; path = message_lite.cc; sourceTree = "<group>"; };
		4E0154A320DE2020004039AA /* message_lite.h */ = {isa = PBXFileReference; fileEncoding = 4; lastKnownFileType = sourcecode.c.h; path = message_lite.h; sourceTree = "<group>"; };
		4E0154A420DE2020004039AA /* metadata.h */ = {isa = PBXFileReference; fileEncoding = 4; lastKnownFileType = sourcecode.c.h; path = metadata.h; sourceTree = "<group>"; };
		4E0154A520DE2020004039AA /* metadata_lite.h */ = {isa = PBXFileReference; fileEncoding = 4; lastKnownFileType = sourcecode.c.h; path = metadata_lite.h; sourceTree = "<group>"; };
		4E0154A620DE2020004039AA /* reflection.h */ = {isa = PBXFileReference; fileEncoding = 4; lastKnownFileType = sourcecode.c.h; path = reflection.h; sourceTree = "<group>"; };
		4E0154A720DE2020004039AA /* reflection_internal.h */ = {isa = PBXFileReference; fileEncoding = 4; lastKnownFileType = sourcecode.c.h; path = reflection_internal.h; sourceTree = "<group>"; };
		4E0154A820DE2020004039AA /* reflection_ops.cc */ = {isa = PBXFileReference; fileEncoding = 4; lastKnownFileType = sourcecode.cpp.cpp; path = reflection_ops.cc; sourceTree = "<group>"; };
		4E0154A920DE2020004039AA /* reflection_ops.h */ = {isa = PBXFileReference; fileEncoding = 4; lastKnownFileType = sourcecode.c.h; path = reflection_ops.h; sourceTree = "<group>"; };
		4E0154AA20DE2020004039AA /* repeated_field.cc */ = {isa = PBXFileReference; fileEncoding = 4; lastKnownFileType = sourcecode.cpp.cpp; path = repeated_field.cc; sourceTree = "<group>"; };
		4E0154AB20DE2020004039AA /* repeated_field.h */ = {isa = PBXFileReference; fileEncoding = 4; lastKnownFileType = sourcecode.c.h; path = repeated_field.h; sourceTree = "<group>"; };
		4E0154AC20DE2020004039AA /* service.cc */ = {isa = PBXFileReference; fileEncoding = 4; lastKnownFileType = sourcecode.cpp.cpp; path = service.cc; sourceTree = "<group>"; };
		4E0154AD20DE2020004039AA /* service.h */ = {isa = PBXFileReference; fileEncoding = 4; lastKnownFileType = sourcecode.c.h; path = service.h; sourceTree = "<group>"; };
		4E0154AE20DE2020004039AA /* source_context.pb.cc */ = {isa = PBXFileReference; fileEncoding = 4; lastKnownFileType = sourcecode.cpp.cpp; path = source_context.pb.cc; sourceTree = "<group>"; };
		4E0154AF20DE2020004039AA /* source_context.pb.h */ = {isa = PBXFileReference; fileEncoding = 4; lastKnownFileType = sourcecode.c.h; path = source_context.pb.h; sourceTree = "<group>"; };
		4E0154B020DE2020004039AA /* struct.pb.cc */ = {isa = PBXFileReference; fileEncoding = 4; lastKnownFileType = sourcecode.cpp.cpp; path = struct.pb.cc; sourceTree = "<group>"; };
		4E0154B120DE2020004039AA /* struct.pb.h */ = {isa = PBXFileReference; fileEncoding = 4; lastKnownFileType = sourcecode.c.h; path = struct.pb.h; sourceTree = "<group>"; };
		4E0154B320DE2020004039AA /* atomic_sequence_num.h */ = {isa = PBXFileReference; fileEncoding = 4; lastKnownFileType = sourcecode.c.h; path = atomic_sequence_num.h; sourceTree = "<group>"; };
		4E0154B420DE2020004039AA /* atomicops.h */ = {isa = PBXFileReference; fileEncoding = 4; lastKnownFileType = sourcecode.c.h; path = atomicops.h; sourceTree = "<group>"; };
		4E0154B520DE2020004039AA /* atomicops_internals_x86_gcc.cc */ = {isa = PBXFileReference; fileEncoding = 4; lastKnownFileType = sourcecode.cpp.cpp; path = atomicops_internals_x86_gcc.cc; sourceTree = "<group>"; };
		4E0154B620DE2020004039AA /* atomicops_internals_x86_gcc.h */ = {isa = PBXFileReference; fileEncoding = 4; lastKnownFileType = sourcecode.c.h; path = atomicops_internals_x86_gcc.h; sourceTree = "<group>"; };
		4E0154B720DE2020004039AA /* atomicops_internals_x86_msvc.cc */ = {isa = PBXFileReference; fileEncoding = 4; lastKnownFileType = sourcecode.cpp.cpp; path = atomicops_internals_x86_msvc.cc; sourceTree = "<group>"; };
		4E0154B820DE2020004039AA /* atomicops_internals_x86_msvc.h */ = {isa = PBXFileReference; fileEncoding = 4; lastKnownFileType = sourcecode.c.h; path = atomicops_internals_x86_msvc.h; sourceTree = "<group>"; };
		4E0154B920DE2020004039AA /* bytestream.cc */ = {isa = PBXFileReference; fileEncoding = 4; lastKnownFileType = sourcecode.cpp.cpp; path = bytestream.cc; sourceTree = "<group>"; };
		4E0154BA20DE2020004039AA /* bytestream.h */ = {isa = PBXFileReference; fileEncoding = 4; lastKnownFileType = sourcecode.c.h; path = bytestream.h; sourceTree = "<group>"; };
		4E0154BB20DE2020004039AA /* callback.h */ = {isa = PBXFileReference; fileEncoding = 4; lastKnownFileType = sourcecode.c.h; path = callback.h; sourceTree = "<group>"; };
		4E0154BC20DE2020004039AA /* casts.h */ = {isa = PBXFileReference; fileEncoding = 4; lastKnownFileType = sourcecode.c.h; path = casts.h; sourceTree = "<group>"; };
		4E0154BD20DE2020004039AA /* common.cc */ = {isa = PBXFileReference; fileEncoding = 4; lastKnownFileType = sourcecode.cpp.cpp; path = common.cc; sourceTree = "<group>"; };
		4E0154BE20DE2020004039AA /* common.h */ = {isa = PBXFileReference; fileEncoding = 4; lastKnownFileType = sourcecode.c.h; path = common.h; sourceTree = "<group>"; };
		4E0154BF20DE2020004039AA /* fastmem.h */ = {isa = PBXFileReference; fileEncoding = 4; lastKnownFileType = sourcecode.c.h; path = fastmem.h; sourceTree = "<group>"; };
		4E0154C020DE2020004039AA /* hash.h */ = {isa = PBXFileReference; fileEncoding = 4; lastKnownFileType = sourcecode.c.h; path = hash.h; sourceTree = "<group>"; };
		4E0154C120DE2020004039AA /* int128.cc */ = {isa = PBXFileReference; fileEncoding = 4; lastKnownFileType = sourcecode.cpp.cpp; path = int128.cc; sourceTree = "<group>"; };
		4E0154C220DE2020004039AA /* int128.h */ = {isa = PBXFileReference; fileEncoding = 4; lastKnownFileType = sourcecode.c.h; path = int128.h; sourceTree = "<group>"; };
		4E0154C320DE2020004039AA /* io_win32.cc */ = {isa = PBXFileReference; fileEncoding = 4; lastKnownFileType = sourcecode.cpp.cpp; path = io_win32.cc; sourceTree = "<group>"; };
		4E0154C420DE2020004039AA /* io_win32.h */ = {isa = PBXFileReference; fileEncoding = 4; lastKnownFileType = sourcecode.c.h; path = io_win32.h; sourceTree = "<group>"; };
		4E0154C520DE2020004039AA /* logging.h */ = {isa = PBXFileReference; fileEncoding = 4; lastKnownFileType = sourcecode.c.h; path = logging.h; sourceTree = "<group>"; };
		4E0154C620DE2020004039AA /* macros.h */ = {isa = PBXFileReference; fileEncoding = 4; lastKnownFileType = sourcecode.c.h; path = macros.h; sourceTree = "<group>"; };
		4E0154C720DE2020004039AA /* map_util.h */ = {isa = PBXFileReference; fileEncoding = 4; lastKnownFileType = sourcecode.c.h; path = map_util.h; sourceTree = "<group>"; };
		4E0154C820DE2020004039AA /* mathlimits.cc */ = {isa = PBXFileReference; fileEncoding = 4; lastKnownFileType = sourcecode.cpp.cpp; path = mathlimits.cc; sourceTree = "<group>"; };
		4E0154C920DE2020004039AA /* mathlimits.h */ = {isa = PBXFileReference; fileEncoding = 4; lastKnownFileType = sourcecode.c.h; path = mathlimits.h; sourceTree = "<group>"; };
		4E0154CA20DE2020004039AA /* mathutil.h */ = {isa = PBXFileReference; fileEncoding = 4; lastKnownFileType = sourcecode.c.h; path = mathutil.h; sourceTree = "<group>"; };
		4E0154CB20DE2020004039AA /* mutex.h */ = {isa = PBXFileReference; fileEncoding = 4; lastKnownFileType = sourcecode.c.h; path = mutex.h; sourceTree = "<group>"; };
		4E0154CC20DE2020004039AA /* once.cc */ = {isa = PBXFileReference; fileEncoding = 4; lastKnownFileType = sourcecode.cpp.cpp; path = once.cc; sourceTree = "<group>"; };
		4E0154CD20DE2020004039AA /* once.h */ = {isa = PBXFileReference; fileEncoding = 4; lastKnownFileType = sourcecode.c.h; path = once.h; sourceTree = "<group>"; };
		4E0154CE20DE2020004039AA /* platform_macros.h */ = {isa = PBXFileReference; fileEncoding = 4; lastKnownFileType = sourcecode.c.h; path = platform_macros.h; sourceTree = "<group>"; };
		4E0154CF20DE2020004039AA /* port.h */ = {isa = PBXFileReference; fileEncoding = 4; lastKnownFileType = sourcecode.c.h; path = port.h; sourceTree = "<group>"; };
		4E0154D020DE2020004039AA /* scoped_ptr.h */ = {isa = PBXFileReference; fileEncoding = 4; lastKnownFileType = sourcecode.c.h; path = scoped_ptr.h; sourceTree = "<group>"; };
		4E0154D120DE2020004039AA /* shared_ptr.h */ = {isa = PBXFileReference; fileEncoding = 4; lastKnownFileType = sourcecode.c.h; path = shared_ptr.h; sourceTree = "<group>"; };
		4E0154D220DE2020004039AA /* singleton.h */ = {isa = PBXFileReference; fileEncoding = 4; lastKnownFileType = sourcecode.c.h; path = singleton.h; sourceTree = "<group>"; };
		4E0154D320DE2020004039AA /* status.cc */ = {isa = PBXFileReference; fileEncoding = 4; lastKnownFileType = sourcecode.cpp.cpp; path = status.cc; sourceTree = "<group>"; };
		4E0154D420DE2020004039AA /* status.h */ = {isa = PBXFileReference; fileEncoding = 4; lastKnownFileType = sourcecode.c.h; path = status.h; sourceTree = "<group>"; };
		4E0154D520DE2020004039AA /* status_macros.h */ = {isa = PBXFileReference; fileEncoding = 4; lastKnownFileType = sourcecode.c.h; path = status_macros.h; sourceTree = "<group>"; };
		4E0154D620DE2020004039AA /* statusor.cc */ = {isa = PBXFileReference; fileEncoding = 4; lastKnownFileType = sourcecode.cpp.cpp; path = statusor.cc; sourceTree = "<group>"; };
		4E0154D720DE2020004039AA /* statusor.h */ = {isa = PBXFileReference; fileEncoding = 4; lastKnownFileType = sourcecode.c.h; path = statusor.h; sourceTree = "<group>"; };
		4E0154D820DE2020004039AA /* stl_util.h */ = {isa = PBXFileReference; fileEncoding = 4; lastKnownFileType = sourcecode.c.h; path = stl_util.h; sourceTree = "<group>"; };
		4E0154D920DE2020004039AA /* stringpiece.cc */ = {isa = PBXFileReference; fileEncoding = 4; lastKnownFileType = sourcecode.cpp.cpp; path = stringpiece.cc; sourceTree = "<group>"; };
		4E0154DA20DE2020004039AA /* stringpiece.h */ = {isa = PBXFileReference; fileEncoding = 4; lastKnownFileType = sourcecode.c.h; path = stringpiece.h; sourceTree = "<group>"; };
		4E0154DB20DE2020004039AA /* stringprintf.cc */ = {isa = PBXFileReference; fileEncoding = 4; lastKnownFileType = sourcecode.cpp.cpp; path = stringprintf.cc; sourceTree = "<group>"; };
		4E0154DC20DE2020004039AA /* stringprintf.h */ = {isa = PBXFileReference; fileEncoding = 4; lastKnownFileType = sourcecode.c.h; path = stringprintf.h; sourceTree = "<group>"; };
		4E0154DD20DE2020004039AA /* structurally_valid.cc */ = {isa = PBXFileReference; fileEncoding = 4; lastKnownFileType = sourcecode.cpp.cpp; path = structurally_valid.cc; sourceTree = "<group>"; };
		4E0154DE20DE2020004039AA /* strutil.cc */ = {isa = PBXFileReference; fileEncoding = 4; lastKnownFileType = sourcecode.cpp.cpp; path = strutil.cc; sourceTree = "<group>"; };
		4E0154DF20DE2020004039AA /* strutil.h */ = {isa = PBXFileReference; fileEncoding = 4; lastKnownFileType = sourcecode.c.h; path = strutil.h; sourceTree = "<group>"; };
		4E0154E020DE2020004039AA /* substitute.cc */ = {isa = PBXFileReference; fileEncoding = 4; lastKnownFileType = sourcecode.cpp.cpp; path = substitute.cc; sourceTree = "<group>"; };
		4E0154E120DE2020004039AA /* substitute.h */ = {isa = PBXFileReference; fileEncoding = 4; lastKnownFileType = sourcecode.c.h; path = substitute.h; sourceTree = "<group>"; };
		4E0154E220DE2020004039AA /* template_util.h */ = {isa = PBXFileReference; fileEncoding = 4; lastKnownFileType = sourcecode.c.h; path = template_util.h; sourceTree = "<group>"; };
		4E0154E320DE2020004039AA /* time.cc */ = {isa = PBXFileReference; fileEncoding = 4; lastKnownFileType = sourcecode.cpp.cpp; path = time.cc; sourceTree = "<group>"; };
		4E0154E420DE2020004039AA /* time.h */ = {isa = PBXFileReference; fileEncoding = 4; lastKnownFileType = sourcecode.c.h; path = time.h; sourceTree = "<group>"; };
		4E0154E520DE2020004039AA /* type_traits.h */ = {isa = PBXFileReference; fileEncoding = 4; lastKnownFileType = sourcecode.c.h; path = type_traits.h; sourceTree = "<group>"; };
		4E0154E620DE2020004039AA /* test_util.h */ = {isa = PBXFileReference; fileEncoding = 4; lastKnownFileType = sourcecode.c.h; path = test_util.h; sourceTree = "<group>"; };
		4E0154E720DE2020004039AA /* test_util_lite.h */ = {isa = PBXFileReference; fileEncoding = 4; lastKnownFileType = sourcecode.c.h; path = test_util_lite.h; sourceTree = "<group>"; };
		4E0154E820DE2020004039AA /* text_format.cc */ = {isa = PBXFileReference; fileEncoding = 4; lastKnownFileType = sourcecode.cpp.cpp; path = text_format.cc; sourceTree = "<group>"; };
		4E0154E920DE2020004039AA /* text_format.h */ = {isa = PBXFileReference; fileEncoding = 4; lastKnownFileType = sourcecode.c.h; path = text_format.h; sourceTree = "<group>"; };
		4E0154EA20DE2020004039AA /* timestamp.pb.cc */ = {isa = PBXFileReference; fileEncoding = 4; lastKnownFileType = sourcecode.cpp.cpp; path = timestamp.pb.cc; sourceTree = "<group>"; };
		4E0154EB20DE2020004039AA /* timestamp.pb.h */ = {isa = PBXFileReference; fileEncoding = 4; lastKnownFileType = sourcecode.c.h; path = timestamp.pb.h; sourceTree = "<group>"; };
		4E0154EC20DE2020004039AA /* type.pb.cc */ = {isa = PBXFileReference; fileEncoding = 4; lastKnownFileType = sourcecode.cpp.cpp; path = type.pb.cc; sourceTree = "<group>"; };
		4E0154ED20DE2020004039AA /* type.pb.h */ = {isa = PBXFileReference; fileEncoding = 4; lastKnownFileType = sourcecode.c.h; path = type.pb.h; sourceTree = "<group>"; };
		4E0154EE20DE2020004039AA /* unknown_field_set.cc */ = {isa = PBXFileReference; fileEncoding = 4; lastKnownFileType = sourcecode.cpp.cpp; path = unknown_field_set.cc; sourceTree = "<group>"; };
		4E0154EF20DE2020004039AA /* unknown_field_set.h */ = {isa = PBXFileReference; fileEncoding = 4; lastKnownFileType = sourcecode.c.h; path = unknown_field_set.h; sourceTree = "<group>"; };
		4E0154F120DE2020004039AA /* delimited_message_util.cc */ = {isa = PBXFileReference; fileEncoding = 4; lastKnownFileType = sourcecode.cpp.cpp; path = delimited_message_util.cc; sourceTree = "<group>"; };
		4E0154F220DE2020004039AA /* delimited_message_util.h */ = {isa = PBXFileReference; fileEncoding = 4; lastKnownFileType = sourcecode.c.h; path = delimited_message_util.h; sourceTree = "<group>"; };
		4E0154F320DE2020004039AA /* field_comparator.cc */ = {isa = PBXFileReference; fileEncoding = 4; lastKnownFileType = sourcecode.cpp.cpp; path = field_comparator.cc; sourceTree = "<group>"; };
		4E0154F420DE2020004039AA /* field_comparator.h */ = {isa = PBXFileReference; fileEncoding = 4; lastKnownFileType = sourcecode.c.h; path = field_comparator.h; sourceTree = "<group>"; };
		4E0154F520DE2020004039AA /* field_mask_util.cc */ = {isa = PBXFileReference; fileEncoding = 4; lastKnownFileType = sourcecode.cpp.cpp; path = field_mask_util.cc; sourceTree = "<group>"; };
		4E0154F620DE2020004039AA /* field_mask_util.h */ = {isa = PBXFileReference; fileEncoding = 4; lastKnownFileType = sourcecode.c.h; path = field_mask_util.h; sourceTree = "<group>"; };
		4E0154F820DE2020004039AA /* constants.h */ = {isa = PBXFileReference; fileEncoding = 4; lastKnownFileType = sourcecode.c.h; path = constants.h; sourceTree = "<group>"; };
		4E0154F920DE2020004039AA /* datapiece.cc */ = {isa = PBXFileReference; fileEncoding = 4; lastKnownFileType = sourcecode.cpp.cpp; path = datapiece.cc; sourceTree = "<group>"; };
		4E0154FA20DE2020004039AA /* datapiece.h */ = {isa = PBXFileReference; fileEncoding = 4; lastKnownFileType = sourcecode.c.h; path = datapiece.h; sourceTree = "<group>"; };
		4E0154FB20DE2020004039AA /* default_value_objectwriter.cc */ = {isa = PBXFileReference; fileEncoding = 4; lastKnownFileType = sourcecode.cpp.cpp; path = default_value_objectwriter.cc; sourceTree = "<group>"; };
		4E0154FC20DE2020004039AA /* default_value_objectwriter.h */ = {isa = PBXFileReference; fileEncoding = 4; lastKnownFileType = sourcecode.c.h; path = default_value_objectwriter.h; sourceTree = "<group>"; };
		4E0154FD20DE2020004039AA /* error_listener.cc */ = {isa = PBXFileReference; fileEncoding = 4; lastKnownFileType = sourcecode.cpp.cpp; path = error_listener.cc; sourceTree = "<group>"; };
		4E0154FE20DE2020004039AA /* error_listener.h */ = {isa = PBXFileReference; fileEncoding = 4; lastKnownFileType = sourcecode.c.h; path = error_listener.h; sourceTree = "<group>"; };
		4E0154FF20DE2020004039AA /* field_mask_utility.cc */ = {isa = PBXFileReference; fileEncoding = 4; lastKnownFileType = sourcecode.cpp.cpp; path = field_mask_utility.cc; sourceTree = "<group>"; };
		4E01550020DE2020004039AA /* field_mask_utility.h */ = {isa = PBXFileReference; fileEncoding = 4; lastKnownFileType = sourcecode.c.h; path = field_mask_utility.h; sourceTree = "<group>"; };
		4E01550120DE2020004039AA /* json_escaping.cc */ = {isa = PBXFileReference; fileEncoding = 4; lastKnownFileType = sourcecode.cpp.cpp; path = json_escaping.cc; sourceTree = "<group>"; };
		4E01550220DE2020004039AA /* json_escaping.h */ = {isa = PBXFileReference; fileEncoding = 4; lastKnownFileType = sourcecode.c.h; path = json_escaping.h; sourceTree = "<group>"; };
		4E01550320DE2020004039AA /* json_objectwriter.cc */ = {isa = PBXFileReference; fileEncoding = 4; lastKnownFileType = sourcecode.cpp.cpp; path = json_objectwriter.cc; sourceTree = "<group>"; };
		4E01550420DE2020004039AA /* json_objectwriter.h */ = {isa = PBXFileReference; fileEncoding = 4; lastKnownFileType = sourcecode.c.h; path = json_objectwriter.h; sourceTree = "<group>"; };
		4E01550520DE2020004039AA /* json_stream_parser.cc */ = {isa = PBXFileReference; fileEncoding = 4; lastKnownFileType = sourcecode.cpp.cpp; path = json_stream_parser.cc; sourceTree = "<group>"; };
		4E01550620DE2020004039AA /* json_stream_parser.h */ = {isa = PBXFileReference; fileEncoding = 4; lastKnownFileType = sourcecode.c.h; path = json_stream_parser.h; sourceTree = "<group>"; };
		4E01550720DE2020004039AA /* location_tracker.h */ = {isa = PBXFileReference; fileEncoding = 4; lastKnownFileType = sourcecode.c.h; path = location_tracker.h; sourceTree = "<group>"; };
		4E01550820DE2020004039AA /* object_location_tracker.h */ = {isa = PBXFileReference; fileEncoding = 4; lastKnownFileType = sourcecode.c.h; path = object_location_tracker.h; sourceTree = "<group>"; };
		4E01550920DE2020004039AA /* object_source.h */ = {isa = PBXFileReference; fileEncoding = 4; lastKnownFileType = sourcecode.c.h; path = object_source.h; sourceTree = "<group>"; };
		4E01550A20DE2020004039AA /* object_writer.cc */ = {isa = PBXFileReference; fileEncoding = 4; lastKnownFileType = sourcecode.cpp.cpp; path = object_writer.cc; sourceTree = "<group>"; };
		4E01550B20DE2020004039AA /* object_writer.h */ = {isa = PBXFileReference; fileEncoding = 4; lastKnownFileType = sourcecode.c.h; path = object_writer.h; sourceTree = "<group>"; };
		4E01550C20DE2020004039AA /* proto_writer.cc */ = {isa = PBXFileReference; fileEncoding = 4; lastKnownFileType = sourcecode.cpp.cpp; path = proto_writer.cc; sourceTree = "<group>"; };
		4E01550D20DE2020004039AA /* proto_writer.h */ = {isa = PBXFileReference; fileEncoding = 4; lastKnownFileType = sourcecode.c.h; path = proto_writer.h; sourceTree = "<group>"; };
		4E01550E20DE2020004039AA /* protostream_objectsource.cc */ = {isa = PBXFileReference; fileEncoding = 4; lastKnownFileType = sourcecode.cpp.cpp; path = protostream_objectsource.cc; sourceTree = "<group>"; };
		4E01550F20DE2020004039AA /* protostream_objectsource.h */ = {isa = PBXFileReference; fileEncoding = 4; lastKnownFileType = sourcecode.c.h; path = protostream_objectsource.h; sourceTree = "<group>"; };
		4E01551020DE2020004039AA /* protostream_objectwriter.cc */ = {isa = PBXFileReference; fileEncoding = 4; lastKnownFileType = sourcecode.cpp.cpp; path = protostream_objectwriter.cc; sourceTree = "<group>"; };
		4E01551120DE2020004039AA /* protostream_objectwriter.h */ = {isa = PBXFileReference; fileEncoding = 4; lastKnownFileType = sourcecode.c.h; path = protostream_objectwriter.h; sourceTree = "<group>"; };
		4E01551220DE2020004039AA /* structured_objectwriter.h */ = {isa = PBXFileReference; fileEncoding = 4; lastKnownFileType = sourcecode.c.h; path = structured_objectwriter.h; sourceTree = "<group>"; };
		4E01551320DE2020004039AA /* type_info.cc */ = {isa = PBXFileReference; fileEncoding = 4; lastKnownFileType = sourcecode.cpp.cpp; path = type_info.cc; sourceTree = "<group>"; };
		4E01551420DE2020004039AA /* type_info.h */ = {isa = PBXFileReference; fileEncoding = 4; lastKnownFileType = sourcecode.c.h; path = type_info.h; sourceTree = "<group>"; };
		4E01551520DE2020004039AA /* type_info_test_helper.cc */ = {isa = PBXFileReference; fileEncoding = 4; lastKnownFileType = sourcecode.cpp.cpp; path = type_info_test_helper.cc; sourceTree = "<group>"; };
		4E01551620DE2020004039AA /* type_info_test_helper.h */ = {isa = PBXFileReference; fileEncoding = 4; lastKnownFileType = sourcecode.c.h; path = type_info_test_helper.h; sourceTree = "<group>"; };
		4E01551720DE2020004039AA /* utility.cc */ = {isa = PBXFileReference; fileEncoding = 4; lastKnownFileType = sourcecode.cpp.cpp; path = utility.cc; sourceTree = "<group>"; };
		4E01551820DE2020004039AA /* utility.h */ = {isa = PBXFileReference; fileEncoding = 4; lastKnownFileType = sourcecode.c.h; path = utility.h; sourceTree = "<group>"; };
		4E01551920DE2020004039AA /* json_util.cc */ = {isa = PBXFileReference; fileEncoding = 4; lastKnownFileType = sourcecode.cpp.cpp; path = json_util.cc; sourceTree = "<group>"; };
		4E01551A20DE2020004039AA /* json_util.h */ = {isa = PBXFileReference; fileEncoding = 4; lastKnownFileType = sourcecode.c.h; path = json_util.h; sourceTree = "<group>"; };
		4E01551B20DE2020004039AA /* message_differencer.cc */ = {isa = PBXFileReference; fileEncoding = 4; lastKnownFileType = sourcecode.cpp.cpp; path = message_differencer.cc; sourceTree = "<group>"; };
		4E01551C20DE2020004039AA /* message_differencer.h */ = {isa = PBXFileReference; fileEncoding = 4; lastKnownFileType = sourcecode.c.h; path = message_differencer.h; sourceTree = "<group>"; };
		4E01551D20DE2020004039AA /* time_util.cc */ = {isa = PBXFileReference; fileEncoding = 4; lastKnownFileType = sourcecode.cpp.cpp; path = time_util.cc; sourceTree = "<group>"; };
		4E01551E20DE2020004039AA /* time_util.h */ = {isa = PBXFileReference; fileEncoding = 4; lastKnownFileType = sourcecode.c.h; path = time_util.h; sourceTree = "<group>"; };
		4E01551F20DE2020004039AA /* type_resolver.h */ = {isa = PBXFileReference; fileEncoding = 4; lastKnownFileType = sourcecode.c.h; path = type_resolver.h; sourceTree = "<group>"; };
		4E01552020DE2020004039AA /* type_resolver_util.cc */ = {isa = PBXFileReference; fileEncoding = 4; lastKnownFileType = sourcecode.cpp.cpp; path = type_resolver_util.cc; sourceTree = "<group>"; };
		4E01552120DE2020004039AA /* type_resolver_util.h */ = {isa = PBXFileReference; fileEncoding = 4; lastKnownFileType = sourcecode.c.h; path = type_resolver_util.h; sourceTree = "<group>"; };
		4E01552220DE2020004039AA /* wire_format.cc */ = {isa = PBXFileReference; fileEncoding = 4; lastKnownFileType = sourcecode.cpp.cpp; path = wire_format.cc; sourceTree = "<group>"; };
		4E01552320DE2020004039AA /* wire_format.h */ = {isa = PBXFileReference; fileEncoding = 4; lastKnownFileType = sourcecode.c.h; path = wire_format.h; sourceTree = "<group>"; };
		4E01552420DE2020004039AA /* wire_format_lite.cc */ = {isa = PBXFileReference; fileEncoding = 4; lastKnownFileType = sourcecode.cpp.cpp; path = wire_format_lite.cc; sourceTree = "<group>"; };
		4E01552520DE2020004039AA /* wire_format_lite.h */ = {isa = PBXFileReference; fileEncoding = 4; lastKnownFileType = sourcecode.c.h; path = wire_format_lite.h; sourceTree = "<group>"; };
		4E01552620DE2020004039AA /* wire_format_lite_inl.h */ = {isa = PBXFileReference; fileEncoding = 4; lastKnownFileType = sourcecode.c.h; path = wire_format_lite_inl.h; sourceTree = "<group>"; };
		4E01552720DE2020004039AA /* wrappers.pb.cc */ = {isa = PBXFileReference; fileEncoding = 4; lastKnownFileType = sourcecode.cpp.cpp; path = wrappers.pb.cc; sourceTree = "<group>"; };
		4E01552820DE2020004039AA /* wrappers.pb.h */ = {isa = PBXFileReference; fileEncoding = 4; lastKnownFileType = sourcecode.c.h; path = wrappers.pb.h; sourceTree = "<group>"; };
		4E01552A20DE2020004039AA /* game.pb.cc */ = {isa = PBXFileReference; fileEncoding = 4; lastKnownFileType = sourcecode.cpp.cpp; path = game.pb.cc; sourceTree = "<group>"; };
		4E01552B20DE2020004039AA /* game.pb.h */ = {isa = PBXFileReference; fileEncoding = 4; lastKnownFileType = sourcecode.c.h; path = game.pb.h; sourceTree = "<group>"; };
		4E01552C20DE2020004039AA /* XCommon.cpp */ = {isa = PBXFileReference; fileEncoding = 4; lastKnownFileType = sourcecode.cpp.cpp; path = XCommon.cpp; sourceTree = "<group>"; };
		4E01552D20DE2020004039AA /* XCommon.h */ = {isa = PBXFileReference; fileEncoding = 4; lastKnownFileType = sourcecode.c.h; path = XCommon.h; sourceTree = "<group>"; };
		4E01558020DE28F8004039AA /* atomicops_internals_arm64_gcc.h */ = {isa = PBXFileReference; fileEncoding = 4; lastKnownFileType = sourcecode.c.h; path = atomicops_internals_arm64_gcc.h; sourceTree = "<group>"; };
/* End PBXFileReference section */

/* Begin PBXFrameworksBuildPhase section */
		4E01537320DE1EF5004039AA /* Frameworks */ = {
			isa = PBXFrameworksBuildPhase;
			buildActionMask = 2147483647;
			files = (
			);
			runOnlyForDeploymentPostprocessing = 0;
		};
/* End PBXFrameworksBuildPhase section */

/* Begin PBXGroup section */
		4E01536D20DE1EF5004039AA = {
			isa = PBXGroup;
			children = (
				4E01537820DE1EF5004039AA /* ptotobuf-lib */,
				4E01537720DE1EF5004039AA /* Products */,
			);
			sourceTree = "<group>";
		};
		4E01537720DE1EF5004039AA /* Products */ = {
			isa = PBXGroup;
			children = (
				4E01537620DE1EF5004039AA /* libptotobuf-lib.a */,
			);
			name = Products;
			sourceTree = "<group>";
		};
		4E01537820DE1EF5004039AA /* ptotobuf-lib */ = {
			isa = PBXGroup;
			children = (
				4E01545820DE2020004039AA /* google */,
				4E01552920DE2020004039AA /* interface */,
			);
			path = "ptotobuf-lib";
			sourceTree = "<group>";
		};
		4E01545820DE2020004039AA /* google */ = {
			isa = PBXGroup;
			children = (
				4E01545920DE2020004039AA /* protobuf */,
			);
			name = google;
			path = "../../../ptotobuf-lib/google";
			sourceTree = "<group>";
		};
		4E01545920DE2020004039AA /* protobuf */ = {
			isa = PBXGroup;
			children = (
				4E01545A20DE2020004039AA /* any.cc */,
				4E01545B20DE2020004039AA /* any.h */,
				4E01545C20DE2020004039AA /* any.pb.cc */,
				4E01545D20DE2020004039AA /* any.pb.h */,
				4E01545E20DE2020004039AA /* api.pb.cc */,
				4E01545F20DE2020004039AA /* api.pb.h */,
				4E01546020DE2020004039AA /* arena.cc */,
				4E01546120DE2020004039AA /* arena.h */,
				4E01546220DE2020004039AA /* arena_impl.h */,
				4E01546320DE2020004039AA /* arenastring.cc */,
				4E01546420DE2020004039AA /* arenastring.h */,
				4E01546520DE2020004039AA /* compiler */,
				4E01546A20DE2020004039AA /* descriptor.cc */,
				4E01546B20DE2020004039AA /* descriptor.h */,
				4E01546C20DE2020004039AA /* descriptor.pb.cc */,
				4E01546D20DE2020004039AA /* descriptor.pb.h */,
				4E01546E20DE2020004039AA /* descriptor_database.cc */,
				4E01546F20DE2020004039AA /* descriptor_database.h */,
				4E01547020DE2020004039AA /* duration.pb.cc */,
				4E01547120DE2020004039AA /* duration.pb.h */,
				4E01547220DE2020004039AA /* dynamic_message.cc */,
				4E01547320DE2020004039AA /* dynamic_message.h */,
				4E01547420DE2020004039AA /* empty.pb.cc */,
				4E01547520DE2020004039AA /* empty.pb.h */,
				4E01547620DE2020004039AA /* extension_set.cc */,
				4E01547720DE2020004039AA /* extension_set.h */,
				4E01547820DE2020004039AA /* extension_set_heavy.cc */,
				4E01547920DE2020004039AA /* field_mask.pb.cc */,
				4E01547A20DE2020004039AA /* field_mask.pb.h */,
				4E01547B20DE2020004039AA /* generated_enum_reflection.h */,
				4E01547C20DE2020004039AA /* generated_enum_util.h */,
				4E01547D20DE2020004039AA /* generated_message_reflection.cc */,
				4E01547E20DE2020004039AA /* generated_message_reflection.h */,
				4E01547F20DE2020004039AA /* generated_message_table_driven.cc */,
				4E01548020DE2020004039AA /* generated_message_table_driven.h */,
				4E01548120DE2020004039AA /* generated_message_table_driven_lite.cc */,
				4E01548220DE2020004039AA /* generated_message_table_driven_lite.h */,
				4E01548320DE2020004039AA /* generated_message_util.cc */,
				4E01548420DE2020004039AA /* generated_message_util.h */,
				4E01548520DE2020004039AA /* has_bits.h */,
				4E01548620DE2020004039AA /* io */,
				4E01549820DE2020004039AA /* map.h */,
				4E01549920DE2020004039AA /* map_entry.h */,
				4E01549A20DE2020004039AA /* map_entry_lite.h */,
				4E01549B20DE2020004039AA /* map_field.cc */,
				4E01549C20DE2020004039AA /* map_field.h */,
				4E01549D20DE2020004039AA /* map_field_inl.h */,
				4E01549E20DE2020004039AA /* map_field_lite.h */,
				4E01549F20DE2020004039AA /* map_type_handler.h */,
				4E0154A020DE2020004039AA /* message.cc */,
				4E0154A120DE2020004039AA /* message.h */,
				4E0154A220DE2020004039AA /* message_lite.cc */,
				4E0154A320DE2020004039AA /* message_lite.h */,
				4E0154A420DE2020004039AA /* metadata.h */,
				4E0154A520DE2020004039AA /* metadata_lite.h */,
				4E0154A620DE2020004039AA /* reflection.h */,
				4E0154A720DE2020004039AA /* reflection_internal.h */,
				4E0154A820DE2020004039AA /* reflection_ops.cc */,
				4E0154A920DE2020004039AA /* reflection_ops.h */,
				4E0154AA20DE2020004039AA /* repeated_field.cc */,
				4E0154AB20DE2020004039AA /* repeated_field.h */,
				4E0154AC20DE2020004039AA /* service.cc */,
				4E0154AD20DE2020004039AA /* service.h */,
				4E0154AE20DE2020004039AA /* source_context.pb.cc */,
				4E0154AF20DE2020004039AA /* source_context.pb.h */,
				4E0154B020DE2020004039AA /* struct.pb.cc */,
				4E0154B120DE2020004039AA /* struct.pb.h */,
				4E0154B220DE2020004039AA /* stubs */,
				4E0154E620DE2020004039AA /* test_util.h */,
				4E0154E720DE2020004039AA /* test_util_lite.h */,
				4E0154E820DE2020004039AA /* text_format.cc */,
				4E0154E920DE2020004039AA /* text_format.h */,
				4E0154EA20DE2020004039AA /* timestamp.pb.cc */,
				4E0154EB20DE2020004039AA /* timestamp.pb.h */,
				4E0154EC20DE2020004039AA /* type.pb.cc */,
				4E0154ED20DE2020004039AA /* type.pb.h */,
				4E0154EE20DE2020004039AA /* unknown_field_set.cc */,
				4E0154EF20DE2020004039AA /* unknown_field_set.h */,
				4E0154F020DE2020004039AA /* util */,
				4E01552220DE2020004039AA /* wire_format.cc */,
				4E01552320DE2020004039AA /* wire_format.h */,
				4E01552420DE2020004039AA /* wire_format_lite.cc */,
				4E01552520DE2020004039AA /* wire_format_lite.h */,
				4E01552620DE2020004039AA /* wire_format_lite_inl.h */,
				4E01552720DE2020004039AA /* wrappers.pb.cc */,
				4E01552820DE2020004039AA /* wrappers.pb.h */,
			);
			path = protobuf;
			sourceTree = "<group>";
		};
		4E01546520DE2020004039AA /* compiler */ = {
			isa = PBXGroup;
			children = (
				4E01546620DE2020004039AA /* importer.cc */,
				4E01546720DE2020004039AA /* importer.h */,
				4E01546820DE2020004039AA /* parser.cc */,
				4E01546920DE2020004039AA /* parser.h */,
			);
			path = compiler;
			sourceTree = "<group>";
		};
		4E01548620DE2020004039AA /* io */ = {
			isa = PBXGroup;
			children = (
				4E01548720DE2020004039AA /* coded_stream.cc */,
				4E01548820DE2020004039AA /* coded_stream.h */,
				4E01548920DE2020004039AA /* coded_stream_inl.h */,
				4E01548A20DE2020004039AA /* gzip_stream.cc */,
				4E01548B20DE2020004039AA /* gzip_stream.h */,
				4E01548C20DE2020004039AA /* printer.cc */,
				4E01548D20DE2020004039AA /* printer.h */,
				4E01548E20DE2020004039AA /* strtod.cc */,
				4E01548F20DE2020004039AA /* strtod.h */,
				4E01549020DE2020004039AA /* tokenizer.cc */,
				4E01549120DE2020004039AA /* tokenizer.h */,
				4E01549220DE2020004039AA /* zero_copy_stream.cc */,
				4E01549320DE2020004039AA /* zero_copy_stream.h */,
				4E01549420DE2020004039AA /* zero_copy_stream_impl.cc */,
				4E01549520DE2020004039AA /* zero_copy_stream_impl.h */,
				4E01549620DE2020004039AA /* zero_copy_stream_impl_lite.cc */,
				4E01549720DE2020004039AA /* zero_copy_stream_impl_lite.h */,
			);
			path = io;
			sourceTree = "<group>";
		};
		4E0154B220DE2020004039AA /* stubs */ = {
			isa = PBXGroup;
			children = (
				4E0154B320DE2020004039AA /* atomic_sequence_num.h */,
				4E0154B420DE2020004039AA /* atomicops.h */,
				4E01558020DE28F8004039AA /* atomicops_internals_arm64_gcc.h */,
				4E0154B520DE2020004039AA /* atomicops_internals_x86_gcc.cc */,
				4E0154B620DE2020004039AA /* atomicops_internals_x86_gcc.h */,
				4E0154B720DE2020004039AA /* atomicops_internals_x86_msvc.cc */,
				4E0154B820DE2020004039AA /* atomicops_internals_x86_msvc.h */,
				4E0154B920DE2020004039AA /* bytestream.cc */,
				4E0154BA20DE2020004039AA /* bytestream.h */,
				4E0154BB20DE2020004039AA /* callback.h */,
				4E0154BC20DE2020004039AA /* casts.h */,
				4E0154BD20DE2020004039AA /* common.cc */,
				4E0154BE20DE2020004039AA /* common.h */,
				4E0154BF20DE2020004039AA /* fastmem.h */,
				4E0154C020DE2020004039AA /* hash.h */,
				4E0154C120DE2020004039AA /* int128.cc */,
				4E0154C220DE2020004039AA /* int128.h */,
				4E0154C320DE2020004039AA /* io_win32.cc */,
				4E0154C420DE2020004039AA /* io_win32.h */,
				4E0154C520DE2020004039AA /* logging.h */,
				4E0154C620DE2020004039AA /* macros.h */,
				4E0154C720DE2020004039AA /* map_util.h */,
				4E0154C820DE2020004039AA /* mathlimits.cc */,
				4E0154C920DE2020004039AA /* mathlimits.h */,
				4E0154CA20DE2020004039AA /* mathutil.h */,
				4E0154CB20DE2020004039AA /* mutex.h */,
				4E0154CC20DE2020004039AA /* once.cc */,
				4E0154CD20DE2020004039AA /* once.h */,
				4E0154CE20DE2020004039AA /* platform_macros.h */,
				4E0154CF20DE2020004039AA /* port.h */,
				4E0154D020DE2020004039AA /* scoped_ptr.h */,
				4E0154D120DE2020004039AA /* shared_ptr.h */,
				4E0154D220DE2020004039AA /* singleton.h */,
				4E0154D320DE2020004039AA /* status.cc */,
				4E0154D420DE2020004039AA /* status.h */,
				4E0154D520DE2020004039AA /* status_macros.h */,
				4E0154D620DE2020004039AA /* statusor.cc */,
				4E0154D720DE2020004039AA /* statusor.h */,
				4E0154D820DE2020004039AA /* stl_util.h */,
				4E0154D920DE2020004039AA /* stringpiece.cc */,
				4E0154DA20DE2020004039AA /* stringpiece.h */,
				4E0154DB20DE2020004039AA /* stringprintf.cc */,
				4E0154DC20DE2020004039AA /* stringprintf.h */,
				4E0154DD20DE2020004039AA /* structurally_valid.cc */,
				4E0154DE20DE2020004039AA /* strutil.cc */,
				4E0154DF20DE2020004039AA /* strutil.h */,
				4E0154E020DE2020004039AA /* substitute.cc */,
				4E0154E120DE2020004039AA /* substitute.h */,
				4E0154E220DE2020004039AA /* template_util.h */,
				4E0154E320DE2020004039AA /* time.cc */,
				4E0154E420DE2020004039AA /* time.h */,
				4E0154E520DE2020004039AA /* type_traits.h */,
			);
			path = stubs;
			sourceTree = "<group>";
		};
		4E0154F020DE2020004039AA /* util */ = {
			isa = PBXGroup;
			children = (
				4E0154F120DE2020004039AA /* delimited_message_util.cc */,
				4E0154F220DE2020004039AA /* delimited_message_util.h */,
				4E0154F320DE2020004039AA /* field_comparator.cc */,
				4E0154F420DE2020004039AA /* field_comparator.h */,
				4E0154F520DE2020004039AA /* field_mask_util.cc */,
				4E0154F620DE2020004039AA /* field_mask_util.h */,
				4E0154F720DE2020004039AA /* internal */,
				4E01551920DE2020004039AA /* json_util.cc */,
				4E01551A20DE2020004039AA /* json_util.h */,
				4E01551B20DE2020004039AA /* message_differencer.cc */,
				4E01551C20DE2020004039AA /* message_differencer.h */,
				4E01551D20DE2020004039AA /* time_util.cc */,
				4E01551E20DE2020004039AA /* time_util.h */,
				4E01551F20DE2020004039AA /* type_resolver.h */,
				4E01552020DE2020004039AA /* type_resolver_util.cc */,
				4E01552120DE2020004039AA /* type_resolver_util.h */,
			);
			path = util;
			sourceTree = "<group>";
		};
		4E0154F720DE2020004039AA /* internal */ = {
			isa = PBXGroup;
			children = (
				4E0154F820DE2020004039AA /* constants.h */,
				4E0154F920DE2020004039AA /* datapiece.cc */,
				4E0154FA20DE2020004039AA /* datapiece.h */,
				4E0154FB20DE2020004039AA /* default_value_objectwriter.cc */,
				4E0154FC20DE2020004039AA /* default_value_objectwriter.h */,
				4E0154FD20DE2020004039AA /* error_listener.cc */,
				4E0154FE20DE2020004039AA /* error_listener.h */,
				4E0154FF20DE2020004039AA /* field_mask_utility.cc */,
				4E01550020DE2020004039AA /* field_mask_utility.h */,
				4E01550120DE2020004039AA /* json_escaping.cc */,
				4E01550220DE2020004039AA /* json_escaping.h */,
				4E01550320DE2020004039AA /* json_objectwriter.cc */,
				4E01550420DE2020004039AA /* json_objectwriter.h */,
				4E01550520DE2020004039AA /* json_stream_parser.cc */,
				4E01550620DE2020004039AA /* json_stream_parser.h */,
				4E01550720DE2020004039AA /* location_tracker.h */,
				4E01550820DE2020004039AA /* object_location_tracker.h */,
				4E01550920DE2020004039AA /* object_source.h */,
				4E01550A20DE2020004039AA /* object_writer.cc */,
				4E01550B20DE2020004039AA /* object_writer.h */,
				4E01550C20DE2020004039AA /* proto_writer.cc */,
				4E01550D20DE2020004039AA /* proto_writer.h */,
				4E01550E20DE2020004039AA /* protostream_objectsource.cc */,
				4E01550F20DE2020004039AA /* protostream_objectsource.h */,
				4E01551020DE2020004039AA /* protostream_objectwriter.cc */,
				4E01551120DE2020004039AA /* protostream_objectwriter.h */,
				4E01551220DE2020004039AA /* structured_objectwriter.h */,
				4E01551320DE2020004039AA /* type_info.cc */,
				4E01551420DE2020004039AA /* type_info.h */,
				4E01551520DE2020004039AA /* type_info_test_helper.cc */,
				4E01551620DE2020004039AA /* type_info_test_helper.h */,
				4E01551720DE2020004039AA /* utility.cc */,
				4E01551820DE2020004039AA /* utility.h */,
			);
			path = internal;
			sourceTree = "<group>";
		};
		4E01552920DE2020004039AA /* interface */ = {
			isa = PBXGroup;
			children = (
				4E01552A20DE2020004039AA /* game.pb.cc */,
				4E01552B20DE2020004039AA /* game.pb.h */,
				4E01552C20DE2020004039AA /* XCommon.cpp */,
				4E01552D20DE2020004039AA /* XCommon.h */,
			);
			name = interface;
			path = "../../../ptotobuf-lib/interface";
			sourceTree = "<group>";
		};
/* End PBXGroup section */

/* Begin PBXNativeTarget section */
		4E01537520DE1EF5004039AA /* ptotobuf-lib */ = {
			isa = PBXNativeTarget;
			buildConfigurationList = 4E01537F20DE1EF5004039AA /* Build configuration list for PBXNativeTarget "ptotobuf-lib" */;
			buildPhases = (
				4E01537220DE1EF5004039AA /* Sources */,
				4E01537320DE1EF5004039AA /* Frameworks */,
				4E01537420DE1EF5004039AA /* CopyFiles */,
			);
			buildRules = (
			);
			dependencies = (
			);
			name = "ptotobuf-lib";
			productName = "ptotobuf-lib";
			productReference = 4E01537620DE1EF5004039AA /* libptotobuf-lib.a */;
			productType = "com.apple.product-type.library.static";
		};
/* End PBXNativeTarget section */

/* Begin PBXProject section */
		4E01536E20DE1EF5004039AA /* Project object */ = {
			isa = PBXProject;
			attributes = {
				LastUpgradeCheck = 0920;
				ORGANIZATIONNAME = "___FULLUSERNE___";
				TargetAttributes = {
					4E01537520DE1EF5004039AA = {
						CreatedOnToolsVersion = 9.2;
						ProvisioningStyle = Automatic;
					};
				};
			};
			buildConfigurationList = 4E01537120DE1EF5004039AA /* Build configuration list for PBXProject "ptotobuf-lib" */;
			compatibilityVersion = "Xcode 8.0";
			developmentRegion = en;
			hasScannedForEncodings = 0;
			knownRegions = (
				en,
			);
			mainGroup = 4E01536D20DE1EF5004039AA;
			productRefGroup = 4E01537720DE1EF5004039AA /* Products */;
			projectDirPath = "";
			projectRoot = "";
			targets = (
				4E01537520DE1EF5004039AA /* ptotobuf-lib */,
			);
		};
/* End PBXProject section */

/* Begin PBXSourcesBuildPhase section */
		4E01537220DE1EF5004039AA /* Sources */ = {
			isa = PBXSourcesBuildPhase;
			buildActionMask = 2147483647;
			files = (
				4E01554C20DE2020004039AA /* message_lite.cc in Sources */,
				4E01555A20DE2020004039AA /* status.cc in Sources */,
				4E01554D20DE2020004039AA /* reflection_ops.cc in Sources */,
				4E01555F20DE2020004039AA /* strutil.cc in Sources */,
				4E01553F20DE2020004039AA /* generated_message_table_driven.cc in Sources */,
				4E01554120DE2020004039AA /* generated_message_util.cc in Sources */,
				4E01557D20DE2020004039AA /* wrappers.pb.cc in Sources */,
				4E01556F20DE2020004039AA /* json_stream_parser.cc in Sources */,
				4E01557520DE2020004039AA /* type_info_test_helper.cc in Sources */,
				4E01554420DE2020004039AA /* printer.cc in Sources */,
				4E01554820DE2020004039AA /* zero_copy_stream_impl.cc in Sources */,
				4E01557620DE2020004039AA /* utility.cc in Sources */,
				4E01554A20DE2020004039AA /* map_field.cc in Sources */,
				4E01556320DE2020004039AA /* timestamp.pb.cc in Sources */,
				4E01556720DE2020004039AA /* field_comparator.cc in Sources */,
				4E01557820DE2020004039AA /* message_differencer.cc in Sources */,
				4E01557E20DE2020004039AA /* game.pb.cc in Sources */,
				4E01556620DE2020004039AA /* delimited_message_util.cc in Sources */,
				4E01557920DE2020004039AA /* time_util.cc in Sources */,
				4E01553C20DE2020004039AA /* extension_set_heavy.cc in Sources */,
				4E01556420DE2020004039AA /* type.pb.cc in Sources */,
				4E01553B20DE2020004039AA /* extension_set.cc in Sources */,
				4E01553520DE2020004039AA /* descriptor.cc in Sources */,
				4E01554620DE2020004039AA /* tokenizer.cc in Sources */,
				4E01554920DE2020004039AA /* zero_copy_stream_impl_lite.cc in Sources */,
				4E01555220DE2020004039AA /* atomicops_internals_x86_gcc.cc in Sources */,
				4E01555B20DE2020004039AA /* statusor.cc in Sources */,
				4E01553D20DE2020004039AA /* field_mask.pb.cc in Sources */,
				4E01555520DE2020004039AA /* common.cc in Sources */,
				4E01553720DE2020004039AA /* descriptor_database.cc in Sources */,
				4E01555920DE2020004039AA /* once.cc in Sources */,
				4E01557220DE2020004039AA /* protostream_objectsource.cc in Sources */,
				4E01556520DE2020004039AA /* unknown_field_set.cc in Sources */,
				4E01553620DE2020004039AA /* descriptor.pb.cc in Sources */,
				4E01557A20DE2020004039AA /* type_resolver_util.cc in Sources */,
				4E01557B20DE2020004039AA /* wire_format.cc in Sources */,
				4E01557320DE2020004039AA /* protostream_objectwriter.cc in Sources */,
				4E01557420DE2020004039AA /* type_info.cc in Sources */,
				4E01553A20DE2020004039AA /* empty.pb.cc in Sources */,
				4E01553220DE2020004039AA /* arenastring.cc in Sources */,
				4E01555320DE2020004039AA /* atomicops_internals_x86_msvc.cc in Sources */,
				4E01556820DE2020004039AA /* field_mask_util.cc in Sources */,
				4E01554B20DE2020004039AA /* message.cc in Sources */,
				4E01552E20DE2020004039AA /* any.cc in Sources */,
				4E01555820DE2020004039AA /* mathlimits.cc in Sources */,
				4E01553020DE2020004039AA /* api.pb.cc in Sources */,
				4E01556020DE2020004039AA /* substitute.cc in Sources */,
				4E01554720DE2020004039AA /* zero_copy_stream.cc in Sources */,
				4E01555C20DE2020004039AA /* stringpiece.cc in Sources */,
				4E01555D20DE2020004039AA /* stringprintf.cc in Sources */,
				4E01556220DE2020004039AA /* text_format.cc in Sources */,
				4E01556D20DE2020004039AA /* json_escaping.cc in Sources */,
				4E01554520DE2020004039AA /* strtod.cc in Sources */,
				4E01557C20DE2020004039AA /* wire_format_lite.cc in Sources */,
				4E01553820DE2020004039AA /* duration.pb.cc in Sources */,
				4E01553920DE2020004039AA /* dynamic_message.cc in Sources */,
				4E01555420DE2020004039AA /* bytestream.cc in Sources */,
				4E01553E20DE2020004039AA /* generated_message_reflection.cc in Sources */,
				4E01556920DE2020004039AA /* datapiece.cc in Sources */,
				4E01555120DE2020004039AA /* struct.pb.cc in Sources */,
				4E01552F20DE2020004039AA /* any.pb.cc in Sources */,
				4E01557020DE2020004039AA /* object_writer.cc in Sources */,
				4E01555720DE2020004039AA /* io_win32.cc in Sources */,
				4E01555620DE2020004039AA /* int128.cc in Sources */,
				4E01554020DE2020004039AA /* generated_message_table_driven_lite.cc in Sources */,
				4E01556A20DE2020004039AA /* default_value_objectwriter.cc in Sources */,
				4E01554320DE2020004039AA /* gzip_stream.cc in Sources */,
				4E01557F20DE2020004039AA /* XCommon.cpp in Sources */,
				4E01554E20DE2020004039AA /* repeated_field.cc in Sources */,
				4E01554F20DE2020004039AA /* service.cc in Sources */,
				4E01553420DE2020004039AA /* parser.cc in Sources */,
				4E01556120DE2020004039AA /* time.cc in Sources */,
				4E01557120DE2020004039AA /* proto_writer.cc in Sources */,
				4E01555E20DE2020004039AA /* structurally_valid.cc in Sources */,
				4E01555020DE2020004039AA /* source_context.pb.cc in Sources */,
				4E01556B20DE2020004039AA /* error_listener.cc in Sources */,
				4E01553120DE2020004039AA /* arena.cc in Sources */,
				4E01554220DE2020004039AA /* coded_stream.cc in Sources */,
				4E01556E20DE2020004039AA /* json_objectwriter.cc in Sources */,
				4E01553320DE2020004039AA /* importer.cc in Sources */,
				4E01556C20DE2020004039AA /* field_mask_utility.cc in Sources */,
				4E01557720DE2020004039AA /* json_util.cc in Sources */,
			);
			runOnlyForDeploymentPostprocessing = 0;
		};
/* End PBXSourcesBuildPhase section */

/* Begin XCBuildConfiguration section */
		4E01537D20DE1EF5004039AA /* Debug */ = {
			isa = XCBuildConfiguration;
			buildSettings = {
				ALWAYS_SEARCH_USER_PATHS = NO;
				CLANG_ANALYZER_NONNULL = YES;
				CLANG_ANALYZER_NUMBER_OBJECT_CONVERSION = YES_AGGRESSIVE;
				CLANG_CXX_LANGUAGE_STANDARD = "gnu++14";
				CLANG_CXX_LIBRARY = "libc++";
				CLANG_ENABLE_MODULES = YES;
				CLANG_ENABLE_OBJC_ARC = YES;
				CLANG_WARN_BLOCK_CAPTURE_AUTORELEASING = YES;
				CLANG_WARN_BOOL_CONVERSION = YES;
				CLANG_WARN_COMMA = YES;
				CLANG_WARN_CONSTANT_CONVERSION = YES;
				CLANG_WARN_DIRECT_OBJC_ISA_USAGE = YES_ERROR;
				CLANG_WARN_DOCUMENTATION_COMMENTS = YES;
				CLANG_WARN_EMPTY_BODY = YES;
				CLANG_WARN_ENUM_CONVERSION = YES;
				CLANG_WARN_INFINITE_RECURSION = YES;
				CLANG_WARN_INT_CONVERSION = YES;
				CLANG_WARN_NON_LITERAL_NULL_CONVERSION = YES;
				CLANG_WARN_OBJC_LITERAL_CONVERSION = YES;
				CLANG_WARN_OBJC_ROOT_CLASS = YES_ERROR;
				CLANG_WARN_RANGE_LOOP_ANALYSIS = YES;
				CLANG_WARN_STRICT_PROTOTYPES = YES;
				CLANG_WARN_SUSPICIOUS_MOVE = YES;
				CLANG_WARN_UNGUARDED_AVAILABILITY = YES_AGGRESSIVE;
				CLANG_WARN_UNREACHABLE_CODE = YES;
				CLANG_WARN__DUPLICATE_METHOD_MATCH = YES;
				CODE_SIGN_IDENTITY = "iPhone Developer";
				COPY_PHASE_STRIP = NO;
				DEBUG_INFORMATION_FORMAT = dwarf;
				ENABLE_STRICT_OBJC_MSGSEND = YES;
				ENABLE_TESTABILITY = YES;
				GCC_C_LANGUAGE_STANDARD = gnu11;
				GCC_DYNAMIC_NO_PIC = NO;
				GCC_NO_COMMON_BLOCKS = YES;
				GCC_OPTIMIZATION_LEVEL = 0;
				GCC_PREPROCESSOR_DEFINITIONS = (
					"DEBUG=1",
					"$(inherited)",
				);
				GCC_WARN_64_TO_32_BIT_CONVERSION = YES;
				GCC_WARN_ABOUT_RETURN_TYPE = YES_ERROR;
				GCC_WARN_UNDECLARED_SELECTOR = YES;
				GCC_WARN_UNINITIALIZED_AUTOS = YES_AGGRESSIVE;
				GCC_WARN_UNUSED_FUNCTION = YES;
				GCC_WARN_UNUSED_VARIABLE = YES;
				IPHONEOS_DEPLOYMENT_TARGET = 11.2;
				MTL_ENABLE_DEBUG_INFO = YES;
				ONLY_ACTIVE_ARCH = YES;
				SDKROOT = iphoneos;
			};
			name = Debug;
		};
		4E01537E20DE1EF5004039AA /* Release */ = {
			isa = XCBuildConfiguration;
			buildSettings = {
				ALWAYS_SEARCH_USER_PATHS = NO;
				CLANG_ANALYZER_NONNULL = YES;
				CLANG_ANALYZER_NUMBER_OBJECT_CONVERSION = YES_AGGRESSIVE;
				CLANG_CXX_LANGUAGE_STANDARD = "gnu++14";
				CLANG_CXX_LIBRARY = "libc++";
				CLANG_ENABLE_MODULES = YES;
				CLANG_ENABLE_OBJC_ARC = YES;
				CLANG_WARN_BLOCK_CAPTURE_AUTORELEASING = YES;
				CLANG_WARN_BOOL_CONVERSION = YES;
				CLANG_WARN_COMMA = YES;
				CLANG_WARN_CONSTANT_CONVERSION = YES;
				CLANG_WARN_DIRECT_OBJC_ISA_USAGE = YES_ERROR;
				CLANG_WARN_DOCUMENTATION_COMMENTS = YES;
				CLANG_WARN_EMPTY_BODY = YES;
				CLANG_WARN_ENUM_CONVERSION = YES;
				CLANG_WARN_INFINITE_RECURSION = YES;
				CLANG_WARN_INT_CONVERSION = YES;
				CLANG_WARN_NON_LITERAL_NULL_CONVERSION = YES;
				CLANG_WARN_OBJC_LITERAL_CONVERSION = YES;
				CLANG_WARN_OBJC_ROOT_CLASS = YES_ERROR;
				CLANG_WARN_RANGE_LOOP_ANALYSIS = YES;
				CLANG_WARN_STRICT_PROTOTYPES = YES;
				CLANG_WARN_SUSPICIOUS_MOVE = YES;
				CLANG_WARN_UNGUARDED_AVAILABILITY = YES_AGGRESSIVE;
				CLANG_WARN_UNREACHABLE_CODE = YES;
				CLANG_WARN__DUPLICATE_METHOD_MATCH = YES;
				CODE_SIGN_IDENTITY = "iPhone Developer";
				COPY_PHASE_STRIP = NO;
				DEBUG_INFORMATION_FORMAT = "dwarf-with-dsym";
				ENABLE_NS_ASSERTIONS = NO;
				ENABLE_STRICT_OBJC_MSGSEND = YES;
				GCC_C_LANGUAGE_STANDARD = gnu11;
				GCC_NO_COMMON_BLOCKS = YES;
				GCC_WARN_64_TO_32_BIT_CONVERSION = YES;
				GCC_WARN_ABOUT_RETURN_TYPE = YES_ERROR;
				GCC_WARN_UNDECLARED_SELECTOR = YES;
				GCC_WARN_UNINITIALIZED_AUTOS = YES_AGGRESSIVE;
				GCC_WARN_UNUSED_FUNCTION = YES;
				GCC_WARN_UNUSED_VARIABLE = YES;
				IPHONEOS_DEPLOYMENT_TARGET = 11.2;
				MTL_ENABLE_DEBUG_INFO = NO;
				SDKROOT = iphoneos;
				VALIDATE_PRODUCT = YES;
			};
			name = Release;
		};
		4E01538020DE1EF5004039AA /* Debug */ = {
			isa = XCBuildConfiguration;
			buildSettings = {
				CODE_SIGN_STYLE = Automatic;
				GCC_PREPROCESSOR_DEFINITIONS = (
					"DEBUG=1",
					HAVE_PTHREAD,
					"$(inherited)",
				);
				HEADER_SEARCH_PATHS = "/Users/huailiang.peng/Documents/unity/game_pb_cpp/ptotobuf-lib ";
				OTHER_LDFLAGS = "-ObjC";
				PRODUCT_NAME = "$(TARGET_NAME)";
				SDKROOT = iphoneos11.2;
				SKIP_INSTALL = YES;
				TARGETED_DEVICE_FAMILY = "1,2";
				VALID_ARCHS = arm64;
			};
			name = Debug;
		};
		4E01538120DE1EF5004039AA /* Release */ = {
			isa = XCBuildConfiguration;
			buildSettings = {
				CODE_SIGN_STYLE = Automatic;
				GCC_PREPROCESSOR_DEFINITIONS = HAVE_PTHREAD;
				HEADER_SEARCH_PATHS = "/Users/huailiang.peng/Documents/unity/game_pb_cpp/ptotobuf-lib ";
				OTHER_LDFLAGS = "-ObjC";
				PRODUCT_NAME = "$(TARGET_NAME)";
				SDKROOT = iphoneos11.2;
				SKIP_INSTALL = YES;
				TARGETED_DEVICE_FAMILY = "1,2";
				VALID_ARCHS = arm64;
			};
			name = Release;
		};
/* End XCBuildConfiguration section */

/* Begin XCConfigurationList section */
		4E01537120DE1EF5004039AA /* Build configuration list for PBXProject "ptotobuf-lib" */ = {
			isa = XCConfigurationList;
			buildConfigurations = (
				4E01537D20DE1EF5004039AA /* Debug */,
				4E01537E20DE1EF5004039AA /* Release */,
			);
			defaultConfigurationIsVisible = 0;
			defaultConfigurationName = Release;
		};
		4E01537F20DE1EF5004039AA /* Build configuration list for PBXNativeTarget "ptotobuf-lib" */ = {
			isa = XCConfigurationList;
			buildConfigurations = (
				4E01538020DE1EF5004039AA /* Debug */,
				4E01538120DE1EF5004039AA /* Release */,
			);
			defaultConfigurationIsVisible = 0;
			defaultConfigurationName = Release;
		};
/* End XCConfigurationList section */
	};
	rootObject = 4E01536E20DE1EF5004039AA /* Project object */;
}
